
Microsoft Visual Studio Solution File, Format Version 12.00
# Visual Studio for Mac
Project("{FAE04EC0-301F-11D3-BF4B-00C04F79EFBC}") = "Assembly-CSharp", "Assembly-CSharp.csproj", "{273B37A3-E6A4-5A0C-0E56-280DBEAC6515}"
EndProject
Global
	GlobalSection(SolutionConfigurationPlatforms) = preSolution
		Debug|Any CPU = Debug|Any CPU
		Release|Any CPU = Release|Any CPU
	EndGlobalSection
	GlobalSection(ProjectConfigurationPlatforms) = postSolution
		{273B37A3-E6A4-5A0C-0E56-280DBEAC6515}.Debug|Any CPU.ActiveCfg = Debug|Any CPU
		{273B37A3-E6A4-5A0C-0E56-280DBEAC6515}.Debug|Any CPU.Build.0 = Debug|Any CPU
		{273B37A3-E6A4-5A0C-0E56-280DBEAC6515}.Release|Any CPU.ActiveCfg = Release|Any CPU
		{273B37A3-E6A4-5A0C-0E56-280DBEAC6515}.Release|Any CPU.Build.0 = Release|Any CPU
	EndGlobalSection
	GlobalSection(SolutionProperties) = preSolution
		HideSolutionNode = FALSE
	EndGlobalSection
EndGlobal
